# This file is automatically @generated by Poetry 1.6.1 and should not be changed by hand.

[[package]]
name = "aiokafka"
version = "0.8.1"
description = "Kafka integration with asyncio."
optional = false
python-versions = ">=3.8"
files = [
    {file = "aiokafka-0.8.1-cp310-cp310-macosx_10_9_x86_64.whl", hash = "sha256:1f6044ed270b946d31f265903b5eb101940ed0ff3a902eaf8178103c943bbcc9"},
    {file = "aiokafka-0.8.1-cp310-cp310-manylinux_2_17_aarch64.manylinux2014_aarch64.whl", hash = "sha256:1e24839088fd6d3ff481cc09a48ea487b997328df11630bc0a1b88255edbcfe9"},
    {file = "aiokafka-0.8.1-cp310-cp310-manylinux_2_17_x86_64.manylinux2014_x86_64.whl", hash = "sha256:3816bcfc3c57dfa4ed77fe1dc3a9a464e17b6400061348155115f282c8150c47"},
    {file = "aiokafka-0.8.1-cp310-cp310-manylinux_2_5_i686.manylinux1_i686.manylinux_2_17_i686.manylinux2014_i686.whl", hash = "sha256:b2bf97548fa77ad31062ca580368d346b16ba9fdca5856c435f256f3699ab12b"},
    {file = "aiokafka-0.8.1-cp310-cp310-win32.whl", hash = "sha256:6421ee81084532f915501074a132acb2afc8cb88bf5ddb11e584230a30f6f006"},
    {file = "aiokafka-0.8.1-cp310-cp310-win_amd64.whl", hash = "sha256:9f19d90b7360bc2239fcd8b147508ae39c3e5b1acfc8e6a2a9b0f306070f7ffe"},
    {file = "aiokafka-0.8.1-cp311-cp311-macosx_10_9_x86_64.whl", hash = "sha256:673c163dee62dfe45146d5250af0e395da5cc92b63f8878c592abc7dc1862899"},
    {file = "aiokafka-0.8.1-cp311-cp311-manylinux_2_17_aarch64.manylinux2014_aarch64.whl", hash = "sha256:4693fbe3c10f125bf3e2df8a8ccbca3eff2bdaaa6589d28c7532c10e7d84598b"},
    {file = "aiokafka-0.8.1-cp311-cp311-manylinux_2_17_x86_64.manylinux2014_x86_64.whl", hash = "sha256:bbffc431d9285328c0bc108949132ae11cec863f1dd5a43a1fc3d45a69ffb8a9"},
    {file = "aiokafka-0.8.1-cp311-cp311-manylinux_2_5_i686.manylinux1_i686.manylinux_2_17_i686.manylinux2014_i686.whl", hash = "sha256:4fccd599ab6b3fda4f4187d854b343f153b40d05d6774be9acf238618da50031"},
    {file = "aiokafka-0.8.1-cp311-cp311-win32.whl", hash = "sha256:90960356513f3979754261b132b12a96b0d9e3c6eb44420e3a90a7c31156a81a"},
    {file = "aiokafka-0.8.1-cp311-cp311-win_amd64.whl", hash = "sha256:7f09784322c0d2c4fcc222add4337a5ac394aa30a248eb4e0e4587a125573c75"},
    {file = "aiokafka-0.8.1-cp38-cp38-macosx_10_9_x86_64.whl", hash = "sha256:ff318d29ecbeea8c58d69c91c24d48d7ed4a8d3e829b607e670d118a9a35d5ba"},
    {file = "aiokafka-0.8.1-cp38-cp38-manylinux_2_17_aarch64.manylinux2014_aarch64.whl", hash = "sha256:af6df9a41e08b61d7e62c0a416feeabd81bad76fa5c70d499b083d6af9ce72c3"},
    {file = "aiokafka-0.8.1-cp38-cp38-manylinux_2_17_x86_64.manylinux2014_x86_64.whl", hash = "sha256:7d327d66b41c4e3bafff7f9efb71936a08f940aa665680717e20862e4272a068"},
    {file = "aiokafka-0.8.1-cp38-cp38-manylinux_2_5_i686.manylinux1_i686.manylinux_2_17_i686.manylinux2014_i686.whl", hash = "sha256:24373bb2d519abac036d5b04ebc43452ef4ad1916953b6678b9801a9c93ba237"},
    {file = "aiokafka-0.8.1-cp38-cp38-win32.whl", hash = "sha256:fd8f9e17bc9cd2ea664a7f5133aede39a8fffebffe0c450252d475dbdedb4a35"},
    {file = "aiokafka-0.8.1-cp38-cp38-win_amd64.whl", hash = "sha256:2fa54b8b068d9d8735cb6757a0f48168f8cf9be68860b0bae6b3ed1684cef49b"},
    {file = "aiokafka-0.8.1-cp39-cp39-macosx_10_9_x86_64.whl", hash = "sha256:bf7473c55dc7959d4b7f9d750fa6017b325813d6cb761e488c2d9ea44e922954"},
    {file = "aiokafka-0.8.1-cp39-cp39-manylinux_2_17_aarch64.manylinux2014_aarch64.whl", hash = "sha256:c4332d37cb9d52181cfda4236566b4028c7c188549277f87bcc3027577d72b1b"},
    {file = "aiokafka-0.8.1-cp39-cp39-manylinux_2_17_x86_64.manylinux2014_x86_64.whl", hash = "sha256:1f43d2afd7d3e4407ada8d754895fad7c344ca00648a8a38418d76564eaaf6cd"},
    {file = "aiokafka-0.8.1-cp39-cp39-manylinux_2_5_i686.manylinux1_i686.manylinux_2_17_i686.manylinux2014_i686.whl", hash = "sha256:a8a641a8102c51422afe111d4bc70c51f335f38fc5906e4c839bd17afeaf3cb2"},
    {file = "aiokafka-0.8.1-cp39-cp39-win32.whl", hash = "sha256:935da8c4da9a00a1e16020d88e578206097b4bb72ebc2a25fbd2cb817907ef28"},
    {file = "aiokafka-0.8.1-cp39-cp39-win_amd64.whl", hash = "sha256:45cd28af6590d6a999bb706803166570121ba8a5a0d06c51ebd8a59fab53593c"},
    {file = "aiokafka-0.8.1.tar.gz", hash = "sha256:d300188e358cd29989c817f6ee2a2965a039e5a71de8ade6f80f02ebb9bd07b8"},
]

[package.dependencies]
async-timeout = "*"
kafka-python = ">=2.0.2"
packaging = "*"
python-snappy = {version = ">=0.5", optional = true, markers = "extra == \"snappy\""}

[package.extras]
all = ["gssapi", "lz4", "python-snappy (>=0.5)", "zstandard"]
gssapi = ["gssapi"]
lz4 = ["lz4"]
snappy = ["python-snappy (>=0.5)"]
zstd = ["zstandard"]

[[package]]
name = "async-timeout"
version = "4.0.3"
description = "Timeout context manager for asyncio programs"
optional = false
python-versions = ">=3.7"
files = [
    {file = "async-timeout-4.0.3.tar.gz", hash = "sha256:4640d96be84d82d02ed59ea2b7105a0f7b33abe8703703cd0ab0bf87c427522f"},
    {file = "async_timeout-4.0.3-py3-none-any.whl", hash = "sha256:7405140ff1230c310e51dc27b3145b9092d659ce68ff733fb0cefe3ee42be028"},
]

[[package]]
name = "confluent-kafka"
version = "2.2.0"
description = "Confluent's Python client for Apache Kafka"
optional = false
python-versions = "*"
files = [
    {file = "confluent-kafka-2.2.0.tar.gz", hash = "sha256:c91a79cd0420eec98d547bdc974232619831d8ca5214eade55443cdf1015b0bc"},
    {file = "confluent_kafka-2.2.0-cp310-cp310-macosx_10_9_x86_64.whl", hash = "sha256:069830518594f2639025b60351bc44a9ef9e33a3cf648706854e6f84dbbf2fa4"},
    {file = "confluent_kafka-2.2.0-cp310-cp310-macosx_11_0_arm64.whl", hash = "sha256:6af70f3a8a4ad3df232c8d25658f87fe6318daa85867851a469cd853859cc976"},
    {file = "confluent_kafka-2.2.0-cp310-cp310-manylinux_2_17_x86_64.manylinux2014_x86_64.whl", hash = "sha256:c544064acd50c8f4cb5b6e2158f0dd046fe36ce49a3bf69f018d67d8aa31252a"},
    {file = "confluent_kafka-2.2.0-cp310-cp310-manylinux_2_28_aarch64.whl", hash = "sha256:0ecfb19465d2272e985b2cf8d02cbc6b1e878ad24fe342e7489a22bb0694e0ff"},
    {file = "confluent_kafka-2.2.0-cp310-cp310-win_amd64.whl", hash = "sha256:bfe649c950db27b36fe099e7dec3e6f9f6264dcd683fefca1a3d1baafea71489"},
    {file = "confluent_kafka-2.2.0-cp311-cp311-macosx_10_9_x86_64.whl", hash = "sha256:994fcf16cb59906558921fa58c9357c8211feef534a0218a75acd805786c67bd"},
    {file = "confluent_kafka-2.2.0-cp311-cp311-macosx_11_0_arm64.whl", hash = "sha256:36d74ae7880c504e347dca6f573681c6e17d35e000b187300dfdde1250330636"},
    {file = "confluent_kafka-2.2.0-cp311-cp311-manylinux_2_17_x86_64.manylinux2014_x86_64.whl", hash = "sha256:4df1118f5ed39a59aed3c4e1b94ec7d369f30a99e7609cb1eebc789cd2c0f86c"},
    {file = "confluent_kafka-2.2.0-cp311-cp311-manylinux_2_28_aarch64.whl", hash = "sha256:3f8033fabdd32e51b8fec44783b5d54ce7e2569207b42536b822c44911a06b4e"},
    {file = "confluent_kafka-2.2.0-cp311-cp311-win_amd64.whl", hash = "sha256:f6ff4b71ea8b5b58fc38a401481dc0406b501a9f469e0a3c7920db379b4667c8"},
    {file = "confluent_kafka-2.2.0-cp36-cp36m-macosx_10_9_x86_64.whl", hash = "sha256:aa78d70c12e04c3331ac34b00e59f3216aacb140e464f3d55d965741e9cbae7a"},
    {file = "confluent_kafka-2.2.0-cp36-cp36m-manylinux_2_17_x86_64.manylinux2014_x86_64.whl", hash = "sha256:93cd00b95f317c190e1c73266ff63c2001c08db141f3543792970f8019311d12"},
    {file = "confluent_kafka-2.2.0-cp36-cp36m-manylinux_2_28_aarch64.whl", hash = "sha256:76ae8f773e7b34db4d1ca7e83ca3b7bca4d75172aee71cb49db0adf30e091156"},
    {file = "confluent_kafka-2.2.0-cp36-cp36m-win_amd64.whl", hash = "sha256:59596a6d6e53cebb5dc020edf972700cb93f147703638bca9ff659e5ba41b096"},
    {file = "confluent_kafka-2.2.0-cp37-cp37m-macosx_10_9_x86_64.whl", hash = "sha256:a80e7202b361466fe275b76e8b76e7a89e2933099e4a1fbb5a5b71ccc3898647"},
    {file = "confluent_kafka-2.2.0-cp37-cp37m-manylinux_2_17_x86_64.manylinux2014_x86_64.whl", hash = "sha256:0099be6c21c54c09b18f99d40b9189b20d9779af520b79320dc3be1b954a6735"},
    {file = "confluent_kafka-2.2.0-cp37-cp37m-manylinux_2_28_aarch64.whl", hash = "sha256:7fbc55cf74babe350974836691225920e2cc0acf51a49aac9896df4ca1ba6375"},
    {file = "confluent_kafka-2.2.0-cp37-cp37m-win_amd64.whl", hash = "sha256:ee8f1ddb977d94be7daa30527eaded6357d62dbbe7fdff764df260f134f6e304"},
    {file = "confluent_kafka-2.2.0-cp38-cp38-macosx_10_9_x86_64.whl", hash = "sha256:cabea69e2e6803eabaa99c8b72eb3747150bd9672bb819e16883750b37deae26"},
    {file = "confluent_kafka-2.2.0-cp38-cp38-macosx_11_0_arm64.whl", hash = "sha256:bdf449bd515d7ae859449e170ccf7f65d1ad9093ed5c8d7e4b6132a2388d1ae8"},
    {file = "confluent_kafka-2.2.0-cp38-cp38-manylinux_2_17_x86_64.manylinux2014_x86_64.whl", hash = "sha256:67f5ea8b5669165a808a19f9aacae54e9606a4ccad40af1bb5da5c2ac95ad32c"},
    {file = "confluent_kafka-2.2.0-cp38-cp38-manylinux_2_28_aarch64.whl", hash = "sha256:404b7c628721feaabc7c92e7a7308f2002b42d307aef2c22a62fc1554a8edea1"},
    {file = "confluent_kafka-2.2.0-cp38-cp38-win_amd64.whl", hash = "sha256:ab27f2c13e581b02ac34ce972f9a2f4165358c346f7ff8514d63ff13f422319d"},
    {file = "confluent_kafka-2.2.0-cp39-cp39-macosx_10_9_x86_64.whl", hash = "sha256:9ded465e3dbdf3cae2be02aeed084b198832cbb97f08a433e83bb38fd6be9bf3"},
    {file = "confluent_kafka-2.2.0-cp39-cp39-macosx_11_0_arm64.whl", hash = "sha256:3e24a41d7be375e96b0149646b676c923cab7871fbf782c485c740f7cc2d8a68"},
    {file = "confluent_kafka-2.2.0-cp39-cp39-manylinux_2_17_x86_64.manylinux2014_x86_64.whl", hash = "sha256:71cd9dbb7553f2fe3c5cac6fe47808e450aa4b09d9cbf448454fe049d8f603b2"},
    {file = "confluent_kafka-2.2.0-cp39-cp39-manylinux_2_28_aarch64.whl", hash = "sha256:7b84e9b75b47646ca195d54bacca4b8cadc31ee676594cd7f4e5260ee09586be"},
    {file = "confluent_kafka-2.2.0-cp39-cp39-win_amd64.whl", hash = "sha256:29bc97ec1bc42c8995a0fba50d055a6b968d9ad4f4e95277754df43fcc8195a8"},
]

[package.extras]
avro = ["avro (>=1.11.1,<2)", "fastavro (>=0.23.0,<1.0)", "fastavro (>=1.0)", "requests"]
dev = ["avro (>=1.11.1,<2)", "fastavro (>=0.23.0,<1.0)", "fastavro (>=1.0)", "flake8", "pytest", "pytest (==4.6.4)", "pytest-timeout", "requests"]
doc = ["avro (>=1.11.1,<2)", "fastavro (>=0.23.0,<1.0)", "fastavro (>=1.0)", "requests", "sphinx", "sphinx-rtd-theme"]
json = ["jsonschema", "pyrsistent", "pyrsistent (==0.16.1)", "requests"]
protobuf = ["protobuf", "requests"]
schema-registry = ["requests"]

[[package]]
name = "kafka-python"
version = "2.0.2"
description = "Pure Python client for Apache Kafka"
optional = false
python-versions = "*"
files = [
    {file = "kafka-python-2.0.2.tar.gz", hash = "sha256:04dfe7fea2b63726cd6f3e79a2d86e709d608d74406638c5da33a01d45a9d7e3"},
    {file = "kafka_python-2.0.2-py2.py3-none-any.whl", hash = "sha256:2d92418c7cb1c298fa6c7f0fb3519b520d0d7526ac6cb7ae2a4fc65a51a94b6e"},
]

[package.extras]
crc32c = ["crc32c"]

[[package]]
name = "packaging"
version = "23.2"
description = "Core utilities for Python packages"
optional = false
python-versions = ">=3.7"
files = [
    {file = "packaging-23.2-py3-none-any.whl", hash = "sha256:8c491190033a9af7e1d931d0b5dacc2ef47509b34dd0de67ed209b5203fc88c7"},
    {file = "packaging-23.2.tar.gz", hash = "sha256:048fb0e9405036518eaaf48a55953c750c11e1a1b68e0dd1a9d62ed0c092cfc5"},
]

[[package]]
name = "python-snappy"
version = "0.6.1"
description = "Python library for the snappy compression library from Google"
optional = false
python-versions = "*"
files = [
    {file = "python-snappy-0.6.1.tar.gz", hash = "sha256:b6a107ab06206acc5359d4c5632bd9b22d448702a79b3169b0c62e0fb808bb2a"},
    {file = "python_snappy-0.6.1-cp310-cp310-macosx_10_9_universal2.whl", hash = "sha256:b7f920eaf46ebf41bd26f9df51c160d40f9e00b7b48471c3438cb8d027f7fb9b"},
    {file = "python_snappy-0.6.1-cp310-cp310-macosx_10_9_x86_64.whl", hash = "sha256:4ec533a8c1f8df797bded662ec3e494d225b37855bb63eb0d75464a07947477c"},
    {file = "python_snappy-0.6.1-cp310-cp310-manylinux_2_12_i686.manylinux2010_i686.whl", hash = "sha256:6f8bf4708a11b47517baf962f9a02196478bbb10fdb9582add4aa1459fa82380"},
    {file = "python_snappy-0.6.1-cp310-cp310-manylinux_2_12_x86_64.manylinux2010_x86_64.whl", hash = "sha256:8d0c019ee7dcf2c60e240877107cddbd95a5b1081787579bf179938392d66480"},
    {file = "python_snappy-0.6.1-cp310-cp310-manylinux_2_17_aarch64.manylinux2014_aarch64.whl", hash = "sha256:cb18d9cd7b3f35a2f5af47bb8ed6a5bdbf4f3ddee37f3daade4ab7864c292f5b"},
    {file = "python_snappy-0.6.1-cp310-cp310-manylinux_2_17_ppc64le.manylinux2014_ppc64le.whl", hash = "sha256:b265cde49774752aec9ca7f5d272e3f98718164afc85521622a8a5394158a2b5"},
    {file = "python_snappy-0.6.1-cp310-cp310-manylinux_2_17_s390x.manylinux2014_s390x.whl", hash = "sha256:d017775851a778ec9cc32651c4464079d06d927303c2dde9ae9830ccf6fe94e1"},
    {file = "python_snappy-0.6.1-cp310-cp310-win32.whl", hash = "sha256:8277d1f6282463c40761f802b742f833f9f2449fcdbb20a96579aa05c8feb614"},
    {file = "python_snappy-0.6.1-cp310-cp310-win_amd64.whl", hash = "sha256:2aaaf618c68d8c9daebc23a20436bd01b09ee70d7fbf7072b7f38b06d2fab539"},
    {file = "python_snappy-0.6.1-cp36-cp36m-macosx_10_9_x86_64.whl", hash = "sha256:277757d5dad4e239dc1417438a0871b65b1b155beb108888e7438c27ffc6a8cc"},
    {file = "python_snappy-0.6.1-cp36-cp36m-manylinux_2_12_i686.manylinux2010_i686.whl", hash = "sha256:e066a0586833d610c4bbddba0be5ba0e3e4f8e0bc5bb6d82103d8f8fc47bb59a"},
    {file = "python_snappy-0.6.1-cp36-cp36m-manylinux_2_12_x86_64.manylinux2010_x86_64.whl", hash = "sha256:0d489b50f49433494160c45048fe806de6b3aeab0586e497ebd22a0bab56e427"},
    {file = "python_snappy-0.6.1-cp36-cp36m-manylinux_2_17_aarch64.manylinux2014_aarch64.whl", hash = "sha256:463fd340a499d47b26ca42d2f36a639188738f6e2098c6dbf80aef0e60f461e1"},
    {file = "python_snappy-0.6.1-cp36-cp36m-manylinux_2_17_ppc64le.manylinux2014_ppc64le.whl", hash = "sha256:9837ac1650cc68d22a3cf5f15fb62c6964747d16cecc8b22431f113d6e39555d"},
    {file = "python_snappy-0.6.1-cp36-cp36m-manylinux_2_17_s390x.manylinux2014_s390x.whl", hash = "sha256:5e973e637112391f05581f427659c05b30b6843bc522a65be35ac7b18ce3dedd"},
    {file = "python_snappy-0.6.1-cp36-cp36m-win32.whl", hash = "sha256:c20498bd712b6e31a4402e1d027a1cd64f6a4a0066a3fe3c7344475886d07fdf"},
    {file = "python_snappy-0.6.1-cp36-cp36m-win_amd64.whl", hash = "sha256:59e975be4206cc54d0a112ef72fa3970a57c2b1bcc2c97ed41d6df0ebe518228"},
    {file = "python_snappy-0.6.1-cp37-cp37m-macosx_10_9_x86_64.whl", hash = "sha256:2a7e528ab6e09c0d67dcb61a1730a292683e5ff9bb088950638d3170cf2a0a54"},
    {file = "python_snappy-0.6.1-cp37-cp37m-manylinux_2_12_i686.manylinux2010_i686.whl", hash = "sha256:39692bedbe0b717001a99915ac0eb2d9d0bad546440d392a2042b96d813eede1"},
    {file = "python_snappy-0.6.1-cp37-cp37m-manylinux_2_12_x86_64.manylinux2010_x86_64.whl", hash = "sha256:6a7620404da966f637b9ce8d4d3d543d363223f7a12452a575189c5355fc2d25"},
    {file = "python_snappy-0.6.1-cp37-cp37m-manylinux_2_17_aarch64.manylinux2014_aarch64.whl", hash = "sha256:7778c224efc38a40d274da4eb82a04cac27aae20012372a7db3c4bbd8926c4d4"},
    {file = "python_snappy-0.6.1-cp37-cp37m-manylinux_2_17_ppc64le.manylinux2014_ppc64le.whl", hash = "sha256:1d029f7051ec1bbeaa3e03030b6d8ed47ceb69cae9016f493c802a08af54e026"},
    {file = "python_snappy-0.6.1-cp37-cp37m-manylinux_2_17_s390x.manylinux2014_s390x.whl", hash = "sha256:a0ad38bc98d0b0497a0b0dbc29409bcabfcecff4511ed7063403c86de16927bc"},
    {file = "python_snappy-0.6.1-cp37-cp37m-win32.whl", hash = "sha256:5a453c45178d7864c1bdd6bfe0ee3ed2883f63b9ba2c9bb967c6b586bf763f96"},
    {file = "python_snappy-0.6.1-cp37-cp37m-win_amd64.whl", hash = "sha256:9f0c0d88b84259f93c3aa46398680646f2c23e43394779758d9f739c34e15295"},
    {file = "python_snappy-0.6.1-cp38-cp38-macosx_10_9_universal2.whl", hash = "sha256:5bb05c28298803a74add08ba496879242ef159c75bc86a5406fac0ffc7dd021b"},
    {file = "python_snappy-0.6.1-cp38-cp38-macosx_10_9_x86_64.whl", hash = "sha256:9eac51307c6a1a38d5f86ebabc26a889fddf20cbba7a116ccb54ba1446601d5b"},
    {file = "python_snappy-0.6.1-cp38-cp38-manylinux_2_12_i686.manylinux2010_i686.whl", hash = "sha256:88b6ea78b83d2796f330b0af1b70cdd3965dbdab02d8ac293260ec2c8fe340ee"},
    {file = "python_snappy-0.6.1-cp38-cp38-manylinux_2_12_x86_64.manylinux2010_x86_64.whl", hash = "sha256:8c07220408d3268e8268c9351c5c08041bc6f8c6172e59d398b71020df108541"},
    {file = "python_snappy-0.6.1-cp38-cp38-manylinux_2_17_aarch64.manylinux2014_aarch64.whl", hash = "sha256:4038019b1bcaadde726a57430718394076c5a21545ebc5badad2c045a09546cf"},
    {file = "python_snappy-0.6.1-cp38-cp38-manylinux_2_17_ppc64le.manylinux2014_ppc64le.whl", hash = "sha256:dc96668d9c7cc656609764275c5f8da58ef56d89bdd6810f6923d36497468ff7"},
    {file = "python_snappy-0.6.1-cp38-cp38-manylinux_2_17_s390x.manylinux2014_s390x.whl", hash = "sha256:cf5bb9254e1c38aacf253d510d3d9be631bba21f3d068b17672b38b5cbf2fff5"},
    {file = "python_snappy-0.6.1-cp38-cp38-win32.whl", hash = "sha256:eaf905a580f2747c4a474040a5063cd5e0cc3d1d2d6edb65f28196186493ad4a"},
    {file = "python_snappy-0.6.1-cp38-cp38-win_amd64.whl", hash = "sha256:546c1a7470ecbf6239101e9aff0f709b68ca0f0268b34d9023019a55baa1f7c6"},
    {file = "python_snappy-0.6.1-cp39-cp39-macosx_10_9_universal2.whl", hash = "sha256:e3a013895c64352b49d0d8e107a84f99631b16dbab156ded33ebf0becf56c8b2"},
    {file = "python_snappy-0.6.1-cp39-cp39-macosx_10_9_x86_64.whl", hash = "sha256:3fb9a88a4dd6336488f3de67ce75816d0d796dce53c2c6e4d70e0b565633c7fd"},
    {file = "python_snappy-0.6.1-cp39-cp39-manylinux_2_12_i686.manylinux2010_i686.whl", hash = "sha256:735cd4528c55dbe4516d6d2b403331a99fc304f8feded8ae887cf97b67d589bb"},
    {file = "python_snappy-0.6.1-cp39-cp39-manylinux_2_12_x86_64.manylinux2010_x86_64.whl", hash = "sha256:90b0186516b7a101c14764b0c25931b741fb0102f21253eff67847b4742dfc72"},
    {file = "python_snappy-0.6.1-cp39-cp39-manylinux_2_17_aarch64.manylinux2014_aarch64.whl", hash = "sha256:1a993dc8aadd901915a510fe6af5f20ae4256f527040066c22a154db8946751f"},
    {file = "python_snappy-0.6.1-cp39-cp39-manylinux_2_17_ppc64le.manylinux2014_ppc64le.whl", hash = "sha256:530bfb9efebcc1aab8bb4ebcbd92b54477eed11f6cf499355e882970a6d3aa7d"},
    {file = "python_snappy-0.6.1-cp39-cp39-manylinux_2_17_s390x.manylinux2014_s390x.whl", hash = "sha256:5843feb914796b1f0405ccf31ea0fb51034ceb65a7588edfd5a8250cb369e3b2"},
    {file = "python_snappy-0.6.1-cp39-cp39-win32.whl", hash = "sha256:66c80e9b366012dbee262bb1869e4fc5ba8786cda85928481528bc4a72ec2ee8"},
    {file = "python_snappy-0.6.1-cp39-cp39-win_amd64.whl", hash = "sha256:4d3cafdf454354a621c8ab7408e45aa4e9d5c0b943b61ff4815f71ca6bdf0130"},
    {file = "python_snappy-0.6.1-pp37-pypy37_pp73-manylinux_2_12_i686.manylinux2010_i686.whl", hash = "sha256:586724a0276d7a6083a17259d0b51622e492289a9998848a1b01b6441ca12b2f"},
    {file = "python_snappy-0.6.1-pp37-pypy37_pp73-manylinux_2_12_x86_64.manylinux2010_x86_64.whl", hash = "sha256:2be4f4550acd484912441f5f1209ba611ac399aac9355fee73611b9a0d4f949c"},
    {file = "python_snappy-0.6.1-pp37-pypy37_pp73-manylinux_2_17_aarch64.manylinux2014_aarch64.whl", hash = "sha256:0bdb6942180660bda7f7d01f4c0def3cfc72b1c6d99aad964801775a3e379aba"},
    {file = "python_snappy-0.6.1-pp37-pypy37_pp73-win_amd64.whl", hash = "sha256:03bb511380fca2a13325b6f16fe8234c8e12da9660f0258cd45d9a02ffc916af"},
]

[metadata]
lock-version = "2.0"
python-versions = "^3.10"
content-hash = "6b4fe39dab208d45b6a4ee5e13209b4de06e05844f72193052eafca6bc5b8033"
